
Microsoft Visual Studio Solution File, Format Version 12.00
# Visual Studio Version 16
VisualStudioVersion = 16.0.30907.101
MinimumVisualStudioVersion = 10.0.40219.1
Project("{FAE04EC0-301F-11D3-BF4B-00C04F79EFBC}") = "Pract8", "Pract8\Pract8.csproj", "{D785E851-2B4B-41C1-BF1E-F4EA17313568}"
EndProject
Global
	GlobalSection(SolutionConfigurationPlatforms) = preSolution
		Debug|Any CPU = Debug|Any CPU
		Release|Any CPU = Release|Any CPU
	EndGlobalSection
	GlobalSection(ProjectConfigurationPlatforms) = postSolution
		{D785E851-2B4B-41C1-BF1E-F4EA17313568}.Debug|Any CPU.ActiveCfg = Debug|Any CPU
		{D785E851-2B4B-41C1-BF1E-F4EA17313568}.Debug|Any CPU.Build.0 = Debug|Any CPU
		{D785E851-2B4B-41C1-BF1E-F4EA17313568}.Release|Any CPU.ActiveCfg = Release|Any CPU
		{D785E851-2B4B-41C1-BF1E-F4EA17313568}.Release|Any CPU.Build.0 = Release|Any CPU
	EndGlobalSection
	GlobalSection(SolutionProperties) = preSolution
		HideSolutionNode = FALSE
	EndGlobalSection
	GlobalSection(ExtensibilityGlobals) = postSolution
		SolutionGuid = {338A121F-CD84-4970-9BEC-5D4523F407C3}
	EndGlobalSection
EndGlobal
